
Microsoft Visual Studio Solution File, Format Version 12.00
# Visual Studio 14
VisualStudioVersion = 14.0.24720.0
MinimumVisualStudioVersion = 10.0.40219.1
Project("{FAE04EC0-301F-11D3-BF4B-00C04F79EFBC}") = "Swoogan.Resource", "Swoogan.Resources\Swoogan.Resource.csproj", "{783F8CB1-07A4-43C8-B6B6-3461A6564697}"
EndProject
Project("{FAE04EC0-301F-11D3-BF4B-00C04F79EFBC}") = "Swoogan.Resource.Test", "Swoogan.Resource.Test\Swoogan.Resource.Test.csproj", "{95B65166-8A74-4C8F-AC45-1D272B708CDC}"
EndProject
Project("{FAE04EC0-301F-11D3-BF4B-00C04F79EFBC}") = "Swoogan.Resource.Console", "Swoogan.Resource.Console\Swoogan.Resource.Console.csproj", "{2163F8F6-B801-45BC-8278-41BA358149A0}"
EndProject
Global
	GlobalSection(SolutionConfigurationPlatforms) = preSolution
		Debug|Any CPU = Debug|Any CPU
		Release|Any CPU = Release|Any CPU
	EndGlobalSection
	GlobalSection(ProjectConfigurationPlatforms) = postSolution
		{783F8CB1-07A4-43C8-B6B6-3461A6564697}.Debug|Any CPU.ActiveCfg = Debug|Any CPU
		{783F8CB1-07A4-43C8-B6B6-3461A6564697}.Debug|Any CPU.Build.0 = Debug|Any CPU
		{783F8CB1-07A4-43C8-B6B6-3461A6564697}.Release|Any CPU.ActiveCfg = Release|Any CPU
		{783F8CB1-07A4-43C8-B6B6-3461A6564697}.Release|Any CPU.Build.0 = Release|Any CPU
		{95B65166-8A74-4C8F-AC45-1D272B708CDC}.Debug|Any CPU.ActiveCfg = Debug|Any CPU
		{95B65166-8A74-4C8F-AC45-1D272B708CDC}.Debug|Any CPU.Build.0 = Debug|Any CPU
		{95B65166-8A74-4C8F-AC45-1D272B708CDC}.Release|Any CPU.ActiveCfg = Release|Any CPU
		{95B65166-8A74-4C8F-AC45-1D272B708CDC}.Release|Any CPU.Build.0 = Release|Any CPU
		{2163F8F6-B801-45BC-8278-41BA358149A0}.Debug|Any CPU.ActiveCfg = Debug|Any CPU
		{2163F8F6-B801-45BC-8278-41BA358149A0}.Debug|Any CPU.Build.0 = Debug|Any CPU
		{2163F8F6-B801-45BC-8278-41BA358149A0}.Release|Any CPU.ActiveCfg = Release|Any CPU
		{2163F8F6-B801-45BC-8278-41BA358149A0}.Release|Any CPU.Build.0 = Release|Any CPU
	EndGlobalSection
	GlobalSection(SolutionProperties) = preSolution
		HideSolutionNode = FALSE
	EndGlobalSection
EndGlobal
